
Microsoft Visual Studio Solution File, Format Version 12.00
# Visual Studio Version 16
VisualStudioVersion = 16.0.30114.105
MinimumVisualStudioVersion = 10.0.40219.1
Project("{FAE04EC0-301F-11D3-BF4B-00C04F79EFBC}") = "VkChecker2", "VkChecker2\VkChecker2.csproj", "{F82A3D2A-FEC1-430E-A4A1-81CAB330459E}"
EndProject
Global
	GlobalSection(SolutionConfigurationPlatforms) = preSolution
		Debug|Any CPU = Debug|Any CPU
		Release|Any CPU = Release|Any CPU
	EndGlobalSection
	GlobalSection(ProjectConfigurationPlatforms) = postSolution
		{F82A3D2A-FEC1-430E-A4A1-81CAB330459E}.Debug|Any CPU.ActiveCfg = Debug|Any CPU
		{F82A3D2A-FEC1-430E-A4A1-81CAB330459E}.Debug|Any CPU.Build.0 = Debug|Any CPU
		{F82A3D2A-FEC1-430E-A4A1-81CAB330459E}.Release|Any CPU.ActiveCfg = Release|Any CPU
		{F82A3D2A-FEC1-430E-A4A1-81CAB330459E}.Release|Any CPU.Build.0 = Release|Any CPU
	EndGlobalSection
	GlobalSection(SolutionProperties) = preSolution
		HideSolutionNode = FALSE
	EndGlobalSection
	GlobalSection(ExtensibilityGlobals) = postSolution
		SolutionGuid = {D14CCE96-19C2-4F56-B99E-1C2DD1EC6777}
	EndGlobalSection
EndGlobal
